
Microsoft Visual Studio Solution File, Format Version 12.00
# Visual Studio Version 17
VisualStudioVersion = 17.0.31717.71
MinimumVisualStudioVersion = 10.0.40219.1
Project("{FAE04EC0-301F-11D3-BF4B-00C04F79EFBC}") = "APKInstaller", "APKInstaller\APKInstaller\APKInstaller.csproj", "{81994592-3057-4D6F-A414-7759C147E757}"
EndProject
Project("{C7167F0D-BC9F-4E6E-AFE1-012C56B48DB5}") = "APKInstaller (Package)", "APKInstaller\APKInstaller (Package)\APKInstaller (Package).wapproj", "{A69268A4-C197-4400-8A50-0983E3F80326}"
EndProject
Project("{9A19103F-16F7-4668-BE54-9A1E7A4F7556}") = "APKInstaller (Delegate)", "APKInstaller\APKInstaller (Delegate)\APKInstaller (Delegate).csproj", "{6416A397-EA37-4B53-96FC-4DCABE3E23DC}"
EndProject
Project("{2150E333-8FDC-42A3-9474-1A3956D46DE8}") = "Libs", "Libs", "{3B21BAB5-6B57-4F23-B061-C57380FF026F}"
EndProject
Project("{9A19103F-16F7-4668-BE54-9A1E7A4F7556}") = "ProcessForUWP.UWP", "..\Process-For-UWP\ProcessForUWP.UWP\ProcessForUWP.UWP.csproj", "{CB6B70E7-1F4B-49C9-B1CD-A73C082D359E}"
EndProject
Project("{9A19103F-16F7-4668-BE54-9A1E7A4F7556}") = "ProcessForUWP.Desktop", "..\Process-For-UWP\ProcessForUWP.Desktop\ProcessForUWP.Desktop.csproj", "{6FE46220-B582-4F47-8289-C3AF15B0CD98}"
EndProject
Project("{9A19103F-16F7-4668-BE54-9A1E7A4F7556}") = "AAPTForUWP", "APKInstaller\AAPTForUWP\AAPTForUWP.csproj", "{691DC506-E415-49FA-8895-FD96DC06C69F}"
EndProject
Global
	GlobalSection(SolutionConfigurationPlatforms) = preSolution
		Debug|Any CPU = Debug|Any CPU
		Debug|ARM = Debug|ARM
		Debug|ARM64 = Debug|ARM64
		Debug|x64 = Debug|x64
		Debug|x86 = Debug|x86
		Release|Any CPU = Release|Any CPU
		Release|ARM = Release|ARM
		Release|ARM64 = Release|ARM64
		Release|x64 = Release|x64
		Release|x86 = Release|x86
	EndGlobalSection
	GlobalSection(ProjectConfigurationPlatforms) = postSolution
		{81994592-3057-4D6F-A414-7759C147E757}.Debug|Any CPU.ActiveCfg = Debug|Any CPU
		{81994592-3057-4D6F-A414-7759C147E757}.Debug|Any CPU.Build.0 = Debug|Any CPU
		{81994592-3057-4D6F-A414-7759C147E757}.Debug|ARM.ActiveCfg = Debug|ARM
		{81994592-3057-4D6F-A414-7759C147E757}.Debug|ARM.Build.0 = Debug|ARM
		{81994592-3057-4D6F-A414-7759C147E757}.Debug|ARM64.ActiveCfg = Debug|ARM64
		{81994592-3057-4D6F-A414-7759C147E757}.Debug|ARM64.Build.0 = Debug|ARM64
		{81994592-3057-4D6F-A414-7759C147E757}.Debug|x64.ActiveCfg = Debug|x64
		{81994592-3057-4D6F-A414-7759C147E757}.Debug|x64.Build.0 = Debug|x64
		{81994592-3057-4D6F-A414-7759C147E757}.Debug|x86.ActiveCfg = Debug|x86
		{81994592-3057-4D6F-A414-7759C147E757}.Debug|x86.Build.0 = Debug|x86
		{81994592-3057-4D6F-A414-7759C147E757}.Release|Any CPU.ActiveCfg = Release|x86
		{81994592-3057-4D6F-A414-7759C147E757}.Release|ARM.ActiveCfg = Release|ARM
		{81994592-3057-4D6F-A414-7759C147E757}.Release|ARM.Build.0 = Release|ARM
		{81994592-3057-4D6F-A414-7759C147E757}.Release|ARM.Deploy.0 = Release|ARM
		{81994592-3057-4D6F-A414-7759C147E757}.Release|ARM64.ActiveCfg = Release|ARM64
		{81994592-3057-4D6F-A414-7759C147E757}.Release|ARM64.Build.0 = Release|ARM64
		{81994592-3057-4D6F-A414-7759C147E757}.Release|ARM64.Deploy.0 = Release|ARM64
		{81994592-3057-4D6F-A414-7759C147E757}.Release|x64.ActiveCfg = Release|x64
		{81994592-3057-4D6F-A414-7759C147E757}.Release|x64.Build.0 = Release|x64
		{81994592-3057-4D6F-A414-7759C147E757}.Release|x64.Deploy.0 = Release|x64
		{81994592-3057-4D6F-A414-7759C147E757}.Release|x86.ActiveCfg = Release|x86
		{81994592-3057-4D6F-A414-7759C147E757}.Release|x86.Build.0 = Release|x86
		{81994592-3057-4D6F-A414-7759C147E757}.Release|x86.Deploy.0 = Release|x86
		{A69268A4-C197-4400-8A50-0983E3F80326}.Debug|Any CPU.ActiveCfg = Debug|Any CPU
		{A69268A4-C197-4400-8A50-0983E3F80326}.Debug|Any CPU.Build.0 = Debug|Any CPU
		{A69268A4-C197-4400-8A50-0983E3F80326}.Debug|Any CPU.Deploy.0 = Debug|Any CPU
		{A69268A4-C197-4400-8A50-0983E3F80326}.Debug|ARM.ActiveCfg = Debug|ARM
		{A69268A4-C197-4400-8A50-0983E3F80326}.Debug|ARM.Build.0 = Debug|ARM
		{A69268A4-C197-4400-8A50-0983E3F80326}.Debug|ARM.Deploy.0 = Debug|ARM
		{A69268A4-C197-4400-8A50-0983E3F80326}.Debug|ARM64.ActiveCfg = Debug|ARM64
		{A69268A4-C197-4400-8A50-0983E3F80326}.Debug|ARM64.Build.0 = Debug|ARM64
		{A69268A4-C197-4400-8A50-0983E3F80326}.Debug|ARM64.Deploy.0 = Debug|ARM64
		{A69268A4-C197-4400-8A50-0983E3F80326}.Debug|x64.ActiveCfg = Debug|x64
		{A69268A4-C197-4400-8A50-0983E3F80326}.Debug|x64.Build.0 = Debug|x64
		{A69268A4-C197-4400-8A50-0983E3F80326}.Debug|x64.Deploy.0 = Debug|x64
		{A69268A4-C197-4400-8A50-0983E3F80326}.Debug|x86.ActiveCfg = Debug|x86
		{A69268A4-C197-4400-8A50-0983E3F80326}.Debug|x86.Build.0 = Debug|x86
		{A69268A4-C197-4400-8A50-0983E3F80326}.Debug|x86.Deploy.0 = Debug|x86
		{A69268A4-C197-4400-8A50-0983E3F80326}.Release|Any CPU.ActiveCfg = Release|Any CPU
		{A69268A4-C197-4400-8A50-0983E3F80326}.Release|Any CPU.Build.0 = Release|Any CPU
		{A69268A4-C197-4400-8A50-0983E3F80326}.Release|Any CPU.Deploy.0 = Release|Any CPU
		{A69268A4-C197-4400-8A50-0983E3F80326}.Release|ARM.ActiveCfg = Release|ARM
		{A69268A4-C197-4400-8A50-0983E3F80326}.Release|ARM.Build.0 = Release|ARM
		{A69268A4-C197-4400-8A50-0983E3F80326}.Release|ARM.Deploy.0 = Release|ARM
		{A69268A4-C197-4400-8A50-0983E3F80326}.Release|ARM64.ActiveCfg = Release|ARM64
		{A69268A4-C197-4400-8A50-0983E3F80326}.Release|ARM64.Build.0 = Release|ARM64
		{A69268A4-C197-4400-8A50-0983E3F80326}.Release|ARM64.Deploy.0 = Release|ARM64
		{A69268A4-C197-4400-8A50-0983E3F80326}.Release|x64.ActiveCfg = Release|x64
		{A69268A4-C197-4400-8A50-0983E3F80326}.Release|x64.Build.0 = Release|x64
		{A69268A4-C197-4400-8A50-0983E3F80326}.Release|x64.Deploy.0 = Release|x64
		{A69268A4-C197-4400-8A50-0983E3F80326}.Release|x86.ActiveCfg = Release|x86
		{A69268A4-C197-4400-8A50-0983E3F80326}.Release|x86.Build.0 = Release|x86
		{A69268A4-C197-4400-8A50-0983E3F80326}.Release|x86.Deploy.0 = Release|x86
		{6416A397-EA37-4B53-96FC-4DCABE3E23DC}.Debug|Any CPU.ActiveCfg = Debug|Any CPU
		{6416A397-EA37-4B53-96FC-4DCABE3E23DC}.Debug|Any CPU.Build.0 = Debug|Any CPU
		{6416A397-EA37-4B53-96FC-4DCABE3E23DC}.Debug|ARM.ActiveCfg = Debug|Any CPU
		{6416A397-EA37-4B53-96FC-4DCABE3E23DC}.Debug|ARM.Build.0 = Debug|Any CPU
		{6416A397-EA37-4B53-96FC-4DCABE3E23DC}.Debug|ARM64.ActiveCfg = Debug|Any CPU
		{6416A397-EA37-4B53-96FC-4DCABE3E23DC}.Debug|ARM64.Build.0 = Debug|Any CPU
		{6416A397-EA37-4B53-96FC-4DCABE3E23DC}.Debug|x64.ActiveCfg = Debug|Any CPU
		{6416A397-EA37-4B53-96FC-4DCABE3E23DC}.Debug|x64.Build.0 = Debug|Any CPU
		{6416A397-EA37-4B53-96FC-4DCABE3E23DC}.Debug|x86.ActiveCfg = Debug|Any CPU
		{6416A397-EA37-4B53-96FC-4DCABE3E23DC}.Debug|x86.Build.0 = Debug|Any CPU
		{6416A397-EA37-4B53-96FC-4DCABE3E23DC}.Release|Any CPU.ActiveCfg = Release|Any CPU
		{6416A397-EA37-4B53-96FC-4DCABE3E23DC}.Release|Any CPU.Build.0 = Release|Any CPU
		{6416A397-EA37-4B53-96FC-4DCABE3E23DC}.Release|ARM.ActiveCfg = Release|Any CPU
		{6416A397-EA37-4B53-96FC-4DCABE3E23DC}.Release|ARM.Build.0 = Release|Any CPU
		{6416A397-EA37-4B53-96FC-4DCABE3E23DC}.Release|ARM64.ActiveCfg = Release|Any CPU
		{6416A397-EA37-4B53-96FC-4DCABE3E23DC}.Release|ARM64.Build.0 = Release|Any CPU
		{6416A397-EA37-4B53-96FC-4DCABE3E23DC}.Release|x64.ActiveCfg = Release|Any CPU
		{6416A397-EA37-4B53-96FC-4DCABE3E23DC}.Release|x64.Build.0 = Release|Any CPU
		{6416A397-EA37-4B53-96FC-4DCABE3E23DC}.Release|x86.ActiveCfg = Release|Any CPU
		{6416A397-EA37-4B53-96FC-4DCABE3E23DC}.Release|x86.Build.0 = Release|Any CPU
		{CB6B70E7-1F4B-49C9-B1CD-A73C082D359E}.Debug|Any CPU.ActiveCfg = Debug|Any CPU
		{CB6B70E7-1F4B-49C9-B1CD-A73C082D359E}.Debug|Any CPU.Build.0 = Debug|Any CPU
		{CB6B70E7-1F4B-49C9-B1CD-A73C082D359E}.Debug|ARM.ActiveCfg = Debug|Any CPU
		{CB6B70E7-1F4B-49C9-B1CD-A73C082D359E}.Debug|ARM.Build.0 = Debug|Any CPU
		{CB6B70E7-1F4B-49C9-B1CD-A73C082D359E}.Debug|ARM64.ActiveCfg = Debug|Any CPU
		{CB6B70E7-1F4B-49C9-B1CD-A73C082D359E}.Debug|ARM64.Build.0 = Debug|Any CPU
		{CB6B70E7-1F4B-49C9-B1CD-A73C082D359E}.Debug|x64.ActiveCfg = Debug|Any CPU
		{CB6B70E7-1F4B-49C9-B1CD-A73C082D359E}.Debug|x64.Build.0 = Debug|Any CPU
		{CB6B70E7-1F4B-49C9-B1CD-A73C082D359E}.Debug|x86.ActiveCfg = Debug|Any CPU
		{CB6B70E7-1F4B-49C9-B1CD-A73C082D359E}.Debug|x86.Build.0 = Debug|Any CPU
		{CB6B70E7-1F4B-49C9-B1CD-A73C082D359E}.Release|Any CPU.ActiveCfg = Release|Any CPU
		{CB6B70E7-1F4B-49C9-B1CD-A73C082D359E}.Release|Any CPU.Build.0 = Release|Any CPU
		{CB6B70E7-1F4B-49C9-B1CD-A73C082D359E}.Release|ARM.ActiveCfg = Release|Any CPU
		{CB6B70E7-1F4B-49C9-B1CD-A73C082D359E}.Release|ARM.Build.0 = Release|Any CPU
		{CB6B70E7-1F4B-49C9-B1CD-A73C082D359E}.Release|ARM64.ActiveCfg = Release|Any CPU
		{CB6B70E7-1F4B-49C9-B1CD-A73C082D359E}.Release|ARM64.Build.0 = Release|Any CPU
		{CB6B70E7-1F4B-49C9-B1CD-A73C082D359E}.Release|x64.ActiveCfg = Release|Any CPU
		{CB6B70E7-1F4B-49C9-B1CD-A73C082D359E}.Release|x64.Build.0 = Release|Any CPU
		{CB6B70E7-1F4B-49C9-B1CD-A73C082D359E}.Release|x86.ActiveCfg = Release|Any CPU
		{CB6B70E7-1F4B-49C9-B1CD-A73C082D359E}.Release|x86.Build.0 = Release|Any CPU
		{6FE46220-B582-4F47-8289-C3AF15B0CD98}.Debug|Any CPU.ActiveCfg = Debug|Any CPU
		{6FE46220-B582-4F47-8289-C3AF15B0CD98}.Debug|Any CPU.Build.0 = Debug|Any CPU
		{6FE46220-B582-4F47-8289-C3AF15B0CD98}.Debug|ARM.ActiveCfg = Debug|Any CPU
		{6FE46220-B582-4F47-8289-C3AF15B0CD98}.Debug|ARM.Build.0 = Debug|Any CPU
		{6FE46220-B582-4F47-8289-C3AF15B0CD98}.Debug|ARM64.ActiveCfg = Debug|Any CPU
		{6FE46220-B582-4F47-8289-C3AF15B0CD98}.Debug|ARM64.Build.0 = Debug|Any CPU
		{6FE46220-B582-4F47-8289-C3AF15B0CD98}.Debug|x64.ActiveCfg = Debug|Any CPU
		{6FE46220-B582-4F47-8289-C3AF15B0CD98}.Debug|x64.Build.0 = Debug|Any CPU
		{6FE46220-B582-4F47-8289-C3AF15B0CD98}.Debug|x86.ActiveCfg = Debug|Any CPU
		{6FE46220-B582-4F47-8289-C3AF15B0CD98}.Debug|x86.Build.0 = Debug|Any CPU
		{6FE46220-B582-4F47-8289-C3AF15B0CD98}.Release|Any CPU.ActiveCfg = Release|Any CPU
		{6FE46220-B582-4F47-8289-C3AF15B0CD98}.Release|Any CPU.Build.0 = Release|Any CPU
		{6FE46220-B582-4F47-8289-C3AF15B0CD98}.Release|ARM.ActiveCfg = Release|Any CPU
		{6FE46220-B582-4F47-8289-C3AF15B0CD98}.Release|ARM.Build.0 = Release|Any CPU
		{6FE46220-B582-4F47-8289-C3AF15B0CD98}.Release|ARM64.ActiveCfg = Release|Any CPU
		{6FE46220-B582-4F47-8289-C3AF15B0CD98}.Release|ARM64.Build.0 = Release|Any CPU
		{6FE46220-B582-4F47-8289-C3AF15B0CD98}.Release|x64.ActiveCfg = Release|Any CPU
		{6FE46220-B582-4F47-8289-C3AF15B0CD98}.Release|x64.Build.0 = Release|Any CPU
		{6FE46220-B582-4F47-8289-C3AF15B0CD98}.Release|x86.ActiveCfg = Release|Any CPU
		{6FE46220-B582-4F47-8289-C3AF15B0CD98}.Release|x86.Build.0 = Release|Any CPU
		{691DC506-E415-49FA-8895-FD96DC06C69F}.Debug|Any CPU.ActiveCfg = Debug|Any CPU
		{691DC506-E415-49FA-8895-FD96DC06C69F}.Debug|Any CPU.Build.0 = Debug|Any CPU
		{691DC506-E415-49FA-8895-FD96DC06C69F}.Debug|ARM.ActiveCfg = Debug|Any CPU
		{691DC506-E415-49FA-8895-FD96DC06C69F}.Debug|ARM.Build.0 = Debug|Any CPU
		{691DC506-E415-49FA-8895-FD96DC06C69F}.Debug|ARM64.ActiveCfg = Debug|Any CPU
		{691DC506-E415-49FA-8895-FD96DC06C69F}.Debug|ARM64.Build.0 = Debug|Any CPU
		{691DC506-E415-49FA-8895-FD96DC06C69F}.Debug|x64.ActiveCfg = Debug|Any CPU
		{691DC506-E415-49FA-8895-FD96DC06C69F}.Debug|x64.Build.0 = Debug|Any CPU
		{691DC506-E415-49FA-8895-FD96DC06C69F}.Debug|x86.ActiveCfg = Debug|Any CPU
		{691DC506-E415-49FA-8895-FD96DC06C69F}.Debug|x86.Build.0 = Debug|Any CPU
		{691DC506-E415-49FA-8895-FD96DC06C69F}.Release|Any CPU.ActiveCfg = Release|Any CPU
		{691DC506-E415-49FA-8895-FD96DC06C69F}.Release|Any CPU.Build.0 = Release|Any CPU
		{691DC506-E415-49FA-8895-FD96DC06C69F}.Release|ARM.ActiveCfg = Release|Any CPU
		{691DC506-E415-49FA-8895-FD96DC06C69F}.Release|ARM.Build.0 = Release|Any CPU
		{691DC506-E415-49FA-8895-FD96DC06C69F}.Release|ARM64.ActiveCfg = Release|Any CPU
		{691DC506-E415-49FA-8895-FD96DC06C69F}.Release|ARM64.Build.0 = Release|Any CPU
		{691DC506-E415-49FA-8895-FD96DC06C69F}.Release|x64.ActiveCfg = Release|Any CPU
		{691DC506-E415-49FA-8895-FD96DC06C69F}.Release|x64.Build.0 = Release|Any CPU
		{691DC506-E415-49FA-8895-FD96DC06C69F}.Release|x86.ActiveCfg = Release|Any CPU
		{691DC506-E415-49FA-8895-FD96DC06C69F}.Release|x86.Build.0 = Release|Any CPU
	EndGlobalSection
	GlobalSection(SolutionProperties) = preSolution
		HideSolutionNode = FALSE
	EndGlobalSection
	GlobalSection(NestedProjects) = preSolution
		{CB6B70E7-1F4B-49C9-B1CD-A73C082D359E} = {3B21BAB5-6B57-4F23-B061-C57380FF026F}
		{6FE46220-B582-4F47-8289-C3AF15B0CD98} = {3B21BAB5-6B57-4F23-B061-C57380FF026F}
	EndGlobalSection
	GlobalSection(ExtensibilityGlobals) = postSolution
		SolutionGuid = {DFEF26CF-4248-47B1-9E0C-EBB3BD1F26E7}
	EndGlobalSection
EndGlobal
