Microsoft Visual Studio Solution File, Format Version 12.00
# Visual Studio Version 17
VisualStudioVersion = 17.0.31717.71
MinimumVisualStudioVersion = 10.0.40219.1
Project("{FAE04EC0-301F-11D3-BF4B-00C04F79EFBC}") = "APKInstaller", "APKInstaller\APKInstaller\APKInstaller.csproj", "{47199534-DC12-4306-8DA0-55FBD5FF6637}"
EndProject
Project("{C7167F0D-BC9F-4E6E-AFE1-012C56B48DB5}") = "APKInstaller (Package)", "APKInstaller\APKInstaller (Package)\APKInstaller (Package).wapproj", "{7E199F04-519C-4450-95D2-9BE8990272F8}"
EndProject
Project("{9A19103F-16F7-4668-BE54-9A1E7A4F7556}") = "APKInstaller (Delegate)", "APKInstaller\APKInstaller (Delegate)\APKInstaller (Delegate).csproj", "{6416A397-EA37-4B53-96FC-4DCABE3E23DC}"
EndProject
Project("{9A19103F-16F7-4668-BE54-9A1E7A4F7556}") = "AAPTForNet", "APKInstaller\AAPTForNet\AAPTForNet.csproj", "{691DC506-E415-49FA-8895-FD96DC06C69F}"
EndProject
Project("{2150E333-8FDC-42A3-9474-1A3956D46DE8}") = "Libs", "Libs", "{AB3D623D-F9A1-4DDD-831D-0A48DD1536AA}"
EndProject
Project("{9A19103F-16F7-4668-BE54-9A1E7A4F7556}") = "AdvancedSharpAdbClient", "..\AdvancedSharpAdbClient\AdvancedSharpAdbClient\AdvancedSharpAdbClient.csproj", "{CDC1ADDC-133D-4C93-9074-0C4CC6B153C7}"
EndProject
Project("{9A19103F-16F7-4668-BE54-9A1E7A4F7556}") = "Zeroconf", "APKInstaller\Zeroconf\Zeroconf.csproj", "{8834781A-1057-4A00-83F5-DCFD0098B7FD}"
EndProject
Global
	GlobalSection(SolutionConfigurationPlatforms) = preSolution
		Debug|ARM = Debug|ARM
		Debug|ARM64 = Debug|ARM64
		Debug|x64 = Debug|x64
		Debug|x86 = Debug|x86
		Release|ARM = Release|ARM
		Release|ARM64 = Release|ARM64
		Release|x64 = Release|x64
		Release|x86 = Release|x86
	EndGlobalSection
	GlobalSection(ProjectConfigurationPlatforms) = postSolution
		{47199534-DC12-4306-8DA0-55FBD5FF6637}.Debug|ARM.ActiveCfg = Debug|ARM
		{47199534-DC12-4306-8DA0-55FBD5FF6637}.Debug|ARM.Build.0 = Debug|ARM
		{47199534-DC12-4306-8DA0-55FBD5FF6637}.Debug|ARM64.ActiveCfg = Debug|ARM64
		{47199534-DC12-4306-8DA0-55FBD5FF6637}.Debug|ARM64.Build.0 = Debug|ARM64
		{47199534-DC12-4306-8DA0-55FBD5FF6637}.Debug|x64.ActiveCfg = Debug|x64
		{47199534-DC12-4306-8DA0-55FBD5FF6637}.Debug|x64.Build.0 = Debug|x64
		{47199534-DC12-4306-8DA0-55FBD5FF6637}.Debug|x86.ActiveCfg = Debug|x86
		{47199534-DC12-4306-8DA0-55FBD5FF6637}.Debug|x86.Build.0 = Debug|x86
		{47199534-DC12-4306-8DA0-55FBD5FF6637}.Release|ARM.ActiveCfg = Release|ARM
		{47199534-DC12-4306-8DA0-55FBD5FF6637}.Release|ARM.Build.0 = Release|ARM
		{47199534-DC12-4306-8DA0-55FBD5FF6637}.Release|ARM64.ActiveCfg = Release|ARM64
		{47199534-DC12-4306-8DA0-55FBD5FF6637}.Release|ARM64.Build.0 = Release|ARM64
		{47199534-DC12-4306-8DA0-55FBD5FF6637}.Release|x64.ActiveCfg = Release|x64
		{47199534-DC12-4306-8DA0-55FBD5FF6637}.Release|x64.Build.0 = Release|x64
		{47199534-DC12-4306-8DA0-55FBD5FF6637}.Release|x86.ActiveCfg = Release|x86
		{47199534-DC12-4306-8DA0-55FBD5FF6637}.Release|x86.Build.0 = Release|x86
		{7E199F04-519C-4450-95D2-9BE8990272F8}.Debug|ARM.ActiveCfg = Debug|ARM
		{7E199F04-519C-4450-95D2-9BE8990272F8}.Debug|ARM.Build.0 = Debug|ARM
		{7E199F04-519C-4450-95D2-9BE8990272F8}.Debug|ARM.Deploy.0 = Debug|ARM
		{7E199F04-519C-4450-95D2-9BE8990272F8}.Debug|ARM64.ActiveCfg = Debug|ARM64
		{7E199F04-519C-4450-95D2-9BE8990272F8}.Debug|ARM64.Build.0 = Debug|ARM64
		{7E199F04-519C-4450-95D2-9BE8990272F8}.Debug|ARM64.Deploy.0 = Debug|ARM64
		{7E199F04-519C-4450-95D2-9BE8990272F8}.Debug|x64.ActiveCfg = Debug|x64
		{7E199F04-519C-4450-95D2-9BE8990272F8}.Debug|x64.Build.0 = Debug|x64
		{7E199F04-519C-4450-95D2-9BE8990272F8}.Debug|x64.Deploy.0 = Debug|x64
		{7E199F04-519C-4450-95D2-9BE8990272F8}.Debug|x86.ActiveCfg = Debug|x86
		{7E199F04-519C-4450-95D2-9BE8990272F8}.Debug|x86.Build.0 = Debug|x86
		{7E199F04-519C-4450-95D2-9BE8990272F8}.Debug|x86.Deploy.0 = Debug|x86
		{7E199F04-519C-4450-95D2-9BE8990272F8}.Release|ARM.ActiveCfg = Release|ARM
		{7E199F04-519C-4450-95D2-9BE8990272F8}.Release|ARM.Build.0 = Release|ARM
		{7E199F04-519C-4450-95D2-9BE8990272F8}.Release|ARM.Deploy.0 = Release|ARM
		{7E199F04-519C-4450-95D2-9BE8990272F8}.Release|ARM64.ActiveCfg = Release|ARM64
		{7E199F04-519C-4450-95D2-9BE8990272F8}.Release|ARM64.Build.0 = Release|ARM64
		{7E199F04-519C-4450-95D2-9BE8990272F8}.Release|ARM64.Deploy.0 = Release|ARM64
		{7E199F04-519C-4450-95D2-9BE8990272F8}.Release|x64.ActiveCfg = Release|x64
		{7E199F04-519C-4450-95D2-9BE8990272F8}.Release|x64.Build.0 = Release|x64
		{7E199F04-519C-4450-95D2-9BE8990272F8}.Release|x64.Deploy.0 = Release|x64
		{7E199F04-519C-4450-95D2-9BE8990272F8}.Release|x86.ActiveCfg = Release|x86
		{7E199F04-519C-4450-95D2-9BE8990272F8}.Release|x86.Build.0 = Release|x86
		{7E199F04-519C-4450-95D2-9BE8990272F8}.Release|x86.Deploy.0 = Release|x86
		{6416A397-EA37-4B53-96FC-4DCABE3E23DC}.Debug|ARM.ActiveCfg = Debug|ARM
		{6416A397-EA37-4B53-96FC-4DCABE3E23DC}.Debug|ARM.Build.0 = Debug|ARM
		{6416A397-EA37-4B53-96FC-4DCABE3E23DC}.Debug|ARM64.ActiveCfg = Debug|ARM64
		{6416A397-EA37-4B53-96FC-4DCABE3E23DC}.Debug|ARM64.Build.0 = Debug|ARM64
		{6416A397-EA37-4B53-96FC-4DCABE3E23DC}.Debug|x64.ActiveCfg = Debug|x64
		{6416A397-EA37-4B53-96FC-4DCABE3E23DC}.Debug|x64.Build.0 = Debug|x64
		{6416A397-EA37-4B53-96FC-4DCABE3E23DC}.Debug|x86.ActiveCfg = Debug|x86
		{6416A397-EA37-4B53-96FC-4DCABE3E23DC}.Debug|x86.Build.0 = Debug|x86
		{6416A397-EA37-4B53-96FC-4DCABE3E23DC}.Release|ARM.ActiveCfg = Release|ARM
		{6416A397-EA37-4B53-96FC-4DCABE3E23DC}.Release|ARM.Build.0 = Release|ARM
		{6416A397-EA37-4B53-96FC-4DCABE3E23DC}.Release|ARM64.ActiveCfg = Release|ARM64
		{6416A397-EA37-4B53-96FC-4DCABE3E23DC}.Release|ARM64.Build.0 = Release|ARM64
		{6416A397-EA37-4B53-96FC-4DCABE3E23DC}.Release|x64.ActiveCfg = Release|x64
		{6416A397-EA37-4B53-96FC-4DCABE3E23DC}.Release|x64.Build.0 = Release|x64
		{6416A397-EA37-4B53-96FC-4DCABE3E23DC}.Release|x86.ActiveCfg = Release|x86
		{6416A397-EA37-4B53-96FC-4DCABE3E23DC}.Release|x86.Build.0 = Release|x86
		{691DC506-E415-49FA-8895-FD96DC06C69F}.Debug|ARM.ActiveCfg = Debug|Any CPU
		{691DC506-E415-49FA-8895-FD96DC06C69F}.Debug|ARM.Build.0 = Debug|Any CPU
		{691DC506-E415-49FA-8895-FD96DC06C69F}.Debug|ARM64.ActiveCfg = Debug|Any CPU
		{691DC506-E415-49FA-8895-FD96DC06C69F}.Debug|ARM64.Build.0 = Debug|Any CPU
		{691DC506-E415-49FA-8895-FD96DC06C69F}.Debug|x64.ActiveCfg = Debug|Any CPU
		{691DC506-E415-49FA-8895-FD96DC06C69F}.Debug|x64.Build.0 = Debug|Any CPU
		{691DC506-E415-49FA-8895-FD96DC06C69F}.Debug|x86.ActiveCfg = Debug|Any CPU
		{691DC506-E415-49FA-8895-FD96DC06C69F}.Debug|x86.Build.0 = Debug|Any CPU
		{691DC506-E415-49FA-8895-FD96DC06C69F}.Release|ARM.ActiveCfg = Release|Any CPU
		{691DC506-E415-49FA-8895-FD96DC06C69F}.Release|ARM.Build.0 = Release|Any CPU
		{691DC506-E415-49FA-8895-FD96DC06C69F}.Release|ARM64.ActiveCfg = Release|Any CPU
		{691DC506-E415-49FA-8895-FD96DC06C69F}.Release|ARM64.Build.0 = Release|Any CPU
		{691DC506-E415-49FA-8895-FD96DC06C69F}.Release|x64.ActiveCfg = Release|Any CPU
		{691DC506-E415-49FA-8895-FD96DC06C69F}.Release|x64.Build.0 = Release|Any CPU
		{691DC506-E415-49FA-8895-FD96DC06C69F}.Release|x86.ActiveCfg = Release|Any CPU
		{691DC506-E415-49FA-8895-FD96DC06C69F}.Release|x86.Build.0 = Release|Any CPU
		{CDC1ADDC-133D-4C93-9074-0C4CC6B153C7}.Debug|ARM.ActiveCfg = Debug|Any CPU
		{CDC1ADDC-133D-4C93-9074-0C4CC6B153C7}.Debug|ARM.Build.0 = Debug|Any CPU
		{CDC1ADDC-133D-4C93-9074-0C4CC6B153C7}.Debug|ARM64.ActiveCfg = Debug|Any CPU
		{CDC1ADDC-133D-4C93-9074-0C4CC6B153C7}.Debug|ARM64.Build.0 = Debug|Any CPU
		{CDC1ADDC-133D-4C93-9074-0C4CC6B153C7}.Debug|x64.ActiveCfg = Debug|Any CPU
		{CDC1ADDC-133D-4C93-9074-0C4CC6B153C7}.Debug|x64.Build.0 = Debug|Any CPU
		{CDC1ADDC-133D-4C93-9074-0C4CC6B153C7}.Debug|x86.ActiveCfg = Debug|Any CPU
		{CDC1ADDC-133D-4C93-9074-0C4CC6B153C7}.Debug|x86.Build.0 = Debug|Any CPU
		{CDC1ADDC-133D-4C93-9074-0C4CC6B153C7}.Release|ARM.ActiveCfg = Release|Any CPU
		{CDC1ADDC-133D-4C93-9074-0C4CC6B153C7}.Release|ARM.Build.0 = Release|Any CPU
		{CDC1ADDC-133D-4C93-9074-0C4CC6B153C7}.Release|ARM64.ActiveCfg = Release|Any CPU
		{CDC1ADDC-133D-4C93-9074-0C4CC6B153C7}.Release|ARM64.Build.0 = Release|Any CPU
		{CDC1ADDC-133D-4C93-9074-0C4CC6B153C7}.Release|x64.ActiveCfg = Release|Any CPU
		{CDC1ADDC-133D-4C93-9074-0C4CC6B153C7}.Release|x64.Build.0 = Release|Any CPU
		{CDC1ADDC-133D-4C93-9074-0C4CC6B153C7}.Release|x86.ActiveCfg = Release|Any CPU
		{CDC1ADDC-133D-4C93-9074-0C4CC6B153C7}.Release|x86.Build.0 = Release|Any CPU
		{8834781A-1057-4A00-83F5-DCFD0098B7FD}.Debug|ARM.ActiveCfg = Debug|Any CPU
		{8834781A-1057-4A00-83F5-DCFD0098B7FD}.Debug|ARM.Build.0 = Debug|Any CPU
		{8834781A-1057-4A00-83F5-DCFD0098B7FD}.Debug|ARM64.ActiveCfg = Debug|Any CPU
		{8834781A-1057-4A00-83F5-DCFD0098B7FD}.Debug|ARM64.Build.0 = Debug|Any CPU
		{8834781A-1057-4A00-83F5-DCFD0098B7FD}.Debug|x64.ActiveCfg = Debug|Any CPU
		{8834781A-1057-4A00-83F5-DCFD0098B7FD}.Debug|x64.Build.0 = Debug|Any CPU
		{8834781A-1057-4A00-83F5-DCFD0098B7FD}.Debug|x86.ActiveCfg = Debug|Any CPU
		{8834781A-1057-4A00-83F5-DCFD0098B7FD}.Debug|x86.Build.0 = Debug|Any CPU
		{8834781A-1057-4A00-83F5-DCFD0098B7FD}.Release|ARM.ActiveCfg = Release|Any CPU
		{8834781A-1057-4A00-83F5-DCFD0098B7FD}.Release|ARM.Build.0 = Release|Any CPU
		{8834781A-1057-4A00-83F5-DCFD0098B7FD}.Release|ARM64.ActiveCfg = Release|Any CPU
		{8834781A-1057-4A00-83F5-DCFD0098B7FD}.Release|ARM64.Build.0 = Release|Any CPU
		{8834781A-1057-4A00-83F5-DCFD0098B7FD}.Release|x64.ActiveCfg = Release|Any CPU
		{8834781A-1057-4A00-83F5-DCFD0098B7FD}.Release|x64.Build.0 = Release|Any CPU
		{8834781A-1057-4A00-83F5-DCFD0098B7FD}.Release|x86.ActiveCfg = Release|Any CPU
		{8834781A-1057-4A00-83F5-DCFD0098B7FD}.Release|x86.Build.0 = Release|Any CPU
	EndGlobalSection
	GlobalSection(SolutionProperties) = preSolution
		HideSolutionNode = FALSE
	EndGlobalSection
	GlobalSection(NestedProjects) = preSolution
		{691DC506-E415-49FA-8895-FD96DC06C69F} = {AB3D623D-F9A1-4DDD-831D-0A48DD1536AA}
		{CDC1ADDC-133D-4C93-9074-0C4CC6B153C7} = {AB3D623D-F9A1-4DDD-831D-0A48DD1536AA}
		{8834781A-1057-4A00-83F5-DCFD0098B7FD} = {AB3D623D-F9A1-4DDD-831D-0A48DD1536AA}
	EndGlobalSection
	GlobalSection(ExtensibilityGlobals) = postSolution
		SolutionGuid = {DFEF26CF-4248-47B1-9E0C-EBB3BD1F26E7}
	EndGlobalSection
EndGlobal
